// !$*UTF8*$!
{
	archiveVersion = 1;
	classes = {
	};
	objectVersion = 50;
	objects = {

/* Begin PBXBuildFile section */
		034C9B937CB4D1B1C6DB90C1 /* Pods_flixster_flixsterUITests.framework in Frameworks */ = {isa = PBXBuildFile; fileRef = A83FA4E65FDA33EED6ADCF53 /* Pods_flixster_flixsterUITests.framework */; };
		A55B185025E9FC7000C3E08F /* MovieCell.swift in Sources */ = {isa = PBXBuildFile; fileRef = A55B184F25E9FC7000C3E08F /* MovieCell.swift */; };
		A55F25BA25E3851B000BC9B1 /* AppDelegate.swift in Sources */ = {isa = PBXBuildFile; fileRef = A55F25B925E3851B000BC9B1 /* AppDelegate.swift */; };
		A55F25BC25E3851B000BC9B1 /* SceneDelegate.swift in Sources */ = {isa = PBXBuildFile; fileRef = A55F25BB25E3851B000BC9B1 /* SceneDelegate.swift */; };
		A55F25BE25E3851B000BC9B1 /* MoviesViewController.swift in Sources */ = {isa = PBXBuildFile; fileRef = A55F25BD25E3851B000BC9B1 /* MoviesViewController.swift */; };
		A55F25C125E3851B000BC9B1 /* Main.storyboard in Resources */ = {isa = PBXBuildFile; fileRef = A55F25BF25E3851B000BC9B1 /* Main.storyboard */; };
		A55F25C325E3851C000BC9B1 /* Assets.xcassets in Resources */ = {isa = PBXBuildFile; fileRef = A55F25C225E3851C000BC9B1 /* Assets.xcassets */; };
		A55F25C625E3851C000BC9B1 /* LaunchScreen.storyboard in Resources */ = {isa = PBXBuildFile; fileRef = A55F25C425E3851C000BC9B1 /* LaunchScreen.storyboard */; };
		A55F25D125E3851C000BC9B1 /* flixsterTests.swift in Sources */ = {isa = PBXBuildFile; fileRef = A55F25D025E3851C000BC9B1 /* flixsterTests.swift */; };
		A55F25DC25E3851C000BC9B1 /* flixsterUITests.swift in Sources */ = {isa = PBXBuildFile; fileRef = A55F25DB25E3851C000BC9B1 /* flixsterUITests.swift */; };
		B725B647B3D3A224DCA8A588 /* Pods_flixsterTests.framework in Frameworks */ = {isa = PBXBuildFile; fileRef = 07896A3D3443AA1EC965E1C5 /* Pods_flixsterTests.framework */; };
		C848AC0C59D3033A01FF0FFF /* Pods_flixster.framework in Frameworks */ = {isa = PBXBuildFile; fileRef = E6389EFC55FEA03FEB72F17E /* Pods_flixster.framework */; };
/* End PBXBuildFile section */

/* Begin PBXContainerItemProxy section */
		A55F25CD25E3851C000BC9B1 /* PBXContainerItemProxy */ = {
			isa = PBXContainerItemProxy;
			containerPortal = A55F25AE25E3851B000BC9B1 /* Project object */;
			proxyType = 1;
			remoteGlobalIDString = A55F25B525E3851B000BC9B1;
			remoteInfo = flixster;
		};
		A55F25D825E3851C000BC9B1 /* PBXContainerItemProxy */ = {
			isa = PBXContainerItemProxy;
			containerPortal = A55F25AE25E3851B000BC9B1 /* Project object */;
			proxyType = 1;
			remoteGlobalIDString = A55F25B525E3851B000BC9B1;
			remoteInfo = flixster;
		};
/* End PBXContainerItemProxy section */

/* Begin PBXFileReference section */
		07606F0B4E1A5EFEAA6F987A /* Pods-flixster-flixsterUITests.debug.xcconfig */ = {isa = PBXFileReference; includeInIndex = 1; lastKnownFileType = text.xcconfig; name = "Pods-flixster-flixsterUITests.debug.xcconfig"; path = "Target Support Files/Pods-flixster-flixsterUITests/Pods-flixster-flixsterUITests.debug.xcconfig"; sourceTree = "<group>"; };
		07896A3D3443AA1EC965E1C5 /* Pods_flixsterTests.framework */ = {isa = PBXFileReference; explicitFileType = wrapper.framework; includeInIndex = 0; path = Pods_flixsterTests.framework; sourceTree = BUILT_PRODUCTS_DIR; };
		7AA1A5DC8F66A4DD1DAD1A66 /* Pods-flixster.debug.xcconfig */ = {isa = PBXFileReference; includeInIndex = 1; lastKnownFileType = text.xcconfig; name = "Pods-flixster.debug.xcconfig"; path = "Target Support Files/Pods-flixster/Pods-flixster.debug.xcconfig"; sourceTree = "<group>"; };
		81448357EDDE950D000BFF57 /* Pods-flixster-flixsterUITests.release.xcconfig */ = {isa = PBXFileReference; includeInIndex = 1; lastKnownFileType = text.xcconfig; name = "Pods-flixster-flixsterUITests.release.xcconfig"; path = "Target Support Files/Pods-flixster-flixsterUITests/Pods-flixster-flixsterUITests.release.xcconfig"; sourceTree = "<group>"; };
		A55B184F25E9FC7000C3E08F /* MovieCell.swift */ = {isa = PBXFileReference; lastKnownFileType = sourcecode.swift; path = MovieCell.swift; sourceTree = "<group>"; };
		A55F25B625E3851B000BC9B1 /* flixster.app */ = {isa = PBXFileReference; explicitFileType = wrapper.application; includeInIndex = 0; path = flixster.app; sourceTree = BUILT_PRODUCTS_DIR; };
		A55F25B925E3851B000BC9B1 /* AppDelegate.swift */ = {isa = PBXFileReference; lastKnownFileType = sourcecode.swift; path = AppDelegate.swift; sourceTree = "<group>"; };
		A55F25BB25E3851B000BC9B1 /* SceneDelegate.swift */ = {isa = PBXFileReference; lastKnownFileType = sourcecode.swift; path = SceneDelegate.swift; sourceTree = "<group>"; };
		A55F25BD25E3851B000BC9B1 /* MoviesViewController.swift */ = {isa = PBXFileReference; lastKnownFileType = sourcecode.swift; path = MoviesViewController.swift; sourceTree = "<group>"; };
		A55F25C025E3851B000BC9B1 /* Base */ = {isa = PBXFileReference; lastKnownFileType = file.storyboard; name = Base; path = Base.lproj/Main.storyboard; sourceTree = "<group>"; };
		A55F25C225E3851C000BC9B1 /* Assets.xcassets */ = {isa = PBXFileReference; lastKnownFileType = folder.assetcatalog; path = Assets.xcassets; sourceTree = "<group>"; };
		A55F25C525E3851C000BC9B1 /* Base */ = {isa = PBXFileReference; lastKnownFileType = file.storyboard; name = Base; path = Base.lproj/LaunchScreen.storyboard; sourceTree = "<group>"; };
		A55F25C725E3851C000BC9B1 /* Info.plist */ = {isa = PBXFileReference; lastKnownFileType = text.plist.xml; path = Info.plist; sourceTree = "<group>"; };
		A55F25CC25E3851C000BC9B1 /* flixsterTests.xctest */ = {isa = PBXFileReference; explicitFileType = wrapper.cfbundle; includeInIndex = 0; path = flixsterTests.xctest; sourceTree = BUILT_PRODUCTS_DIR; };
		A55F25D025E3851C000BC9B1 /* flixsterTests.swift */ = {isa = PBXFileReference; lastKnownFileType = sourcecode.swift; path = flixsterTests.swift; sourceTree = "<group>"; };
		A55F25D225E3851C000BC9B1 /* Info.plist */ = {isa = PBXFileReference; lastKnownFileType = text.plist.xml; path = Info.plist; sourceTree = "<group>"; };
		A55F25D725E3851C000BC9B1 /* flixsterUITests.xctest */ = {isa = PBXFileReference; explicitFileType = wrapper.cfbundle; includeInIndex = 0; path = flixsterUITests.xctest; sourceTree = BUILT_PRODUCTS_DIR; };
		A55F25DB25E3851C000BC9B1 /* flixsterUITests.swift */ = {isa = PBXFileReference; lastKnownFileType = sourcecode.swift; path = flixsterUITests.swift; sourceTree = "<group>"; };
		A55F25DD25E3851C000BC9B1 /* Info.plist */ = {isa = PBXFileReference; lastKnownFileType = text.plist.xml; path = Info.plist; sourceTree = "<group>"; };
		A83FA4E65FDA33EED6ADCF53 /* Pods_flixster_flixsterUITests.framework */ = {isa = PBXFileReference; explicitFileType = wrapper.framework; includeInIndex = 0; path = Pods_flixster_flixsterUITests.framework; sourceTree = BUILT_PRODUCTS_DIR; };
		CFFC63397612E6969B7875E0 /* Pods-flixsterTests.debug.xcconfig */ = {isa = PBXFileReference; includeInIndex = 1; lastKnownFileType = text.xcconfig; name = "Pods-flixsterTests.debug.xcconfig"; path = "Target Support Files/Pods-flixsterTests/Pods-flixsterTests.debug.xcconfig"; sourceTree = "<group>"; };
		D6C84A9C33EF51DD5E5A3FD5 /* Pods-flixster.release.xcconfig */ = {isa = PBXFileReference; includeInIndex = 1; lastKnownFileType = text.xcconfig; name = "Pods-flixster.release.xcconfig"; path = "Target Support Files/Pods-flixster/Pods-flixster.release.xcconfig"; sourceTree = "<group>"; };
		E6389EFC55FEA03FEB72F17E /* Pods_flixster.framework */ = {isa = PBXFileReference; explicitFileType = wrapper.framework; includeInIndex = 0; path = Pods_flixster.framework; sourceTree = BUILT_PRODUCTS_DIR; };
		ECF297A43C64BBAF62647148 /* Pods-flixsterTests.release.xcconfig */ = {isa = PBXFileReference; includeInIndex = 1; lastKnownFileType = text.xcconfig; name = "Pods-flixsterTests.release.xcconfig"; path = "Target Support Files/Pods-flixsterTests/Pods-flixsterTests.release.xcconfig"; sourceTree = "<group>"; };
/* End PBXFileReference section */

/* Begin PBXFrameworksBuildPhase section */
		A55F25B325E3851B000BC9B1 /* Frameworks */ = {
			isa = PBXFrameworksBuildPhase;
			buildActionMask = 2147483647;
			files = (
				C848AC0C59D3033A01FF0FFF /* Pods_flixster.framework in Frameworks */,
			);
			runOnlyForDeploymentPostprocessing = 0;
		};
		A55F25C925E3851C000BC9B1 /* Frameworks */ = {
			isa = PBXFrameworksBuildPhase;
			buildActionMask = 2147483647;
			files = (
				B725B647B3D3A224DCA8A588 /* Pods_flixsterTests.framework in Frameworks */,
			);
			runOnlyForDeploymentPostprocessing = 0;
		};
		A55F25D425E3851C000BC9B1 /* Frameworks */ = {
			isa = PBXFrameworksBuildPhase;
			buildActionMask = 2147483647;
			files = (
				034C9B937CB4D1B1C6DB90C1 /* Pods_flixster_flixsterUITests.framework in Frameworks */,
			);
			runOnlyForDeploymentPostprocessing = 0;
		};
/* End PBXFrameworksBuildPhase section */

/* Begin PBXGroup section */
		306F576EDEE3B380022774D8 /* Pods */ = {
			isa = PBXGroup;
			children = (
				7AA1A5DC8F66A4DD1DAD1A66 /* Pods-flixster.debug.xcconfig */,
				D6C84A9C33EF51DD5E5A3FD5 /* Pods-flixster.release.xcconfig */,
				07606F0B4E1A5EFEAA6F987A /* Pods-flixster-flixsterUITests.debug.xcconfig */,
				81448357EDDE950D000BFF57 /* Pods-flixster-flixsterUITests.release.xcconfig */,
				CFFC63397612E6969B7875E0 /* Pods-flixsterTests.debug.xcconfig */,
				ECF297A43C64BBAF62647148 /* Pods-flixsterTests.release.xcconfig */,
			);
			name = Pods;
			path = Pods;
			sourceTree = "<group>";
		};
		44269D67228F40B3C1C30736 /* Frameworks */ = {
			isa = PBXGroup;
			children = (
				E6389EFC55FEA03FEB72F17E /* Pods_flixster.framework */,
				A83FA4E65FDA33EED6ADCF53 /* Pods_flixster_flixsterUITests.framework */,
				07896A3D3443AA1EC965E1C5 /* Pods_flixsterTests.framework */,
			);
			name = Frameworks;
			sourceTree = "<group>";
		};
		A55F25AD25E3851B000BC9B1 = {
			isa = PBXGroup;
			children = (
				A55F25B825E3851B000BC9B1 /* flixster */,
				A55F25CF25E3851C000BC9B1 /* flixsterTests */,
				A55F25DA25E3851C000BC9B1 /* flixsterUITests */,
				A55F25B725E3851B000BC9B1 /* Products */,
				306F576EDEE3B380022774D8 /* Pods */,
				44269D67228F40B3C1C30736 /* Frameworks */,
			);
			sourceTree = "<group>";
		};
		A55F25B725E3851B000BC9B1 /* Products */ = {
			isa = PBXGroup;
			children = (
				A55F25B625E3851B000BC9B1 /* flixster.app */,
				A55F25CC25E3851C000BC9B1 /* flixsterTests.xctest */,
				A55F25D725E3851C000BC9B1 /* flixsterUITests.xctest */,
			);
			name = Products;
			sourceTree = "<group>";
		};
		A55F25B825E3851B000BC9B1 /* flixster */ = {
			isa = PBXGroup;
			children = (
				A55F25B925E3851B000BC9B1 /* AppDelegate.swift */,
				A55F25BB25E3851B000BC9B1 /* SceneDelegate.swift */,
				A55F25BD25E3851B000BC9B1 /* MoviesViewController.swift */,
				A55F25BF25E3851B000BC9B1 /* Main.storyboard */,
				A55B184F25E9FC7000C3E08F /* MovieCell.swift */,
				A55F25C225E3851C000BC9B1 /* Assets.xcassets */,
				A55F25C425E3851C000BC9B1 /* LaunchScreen.storyboard */,
				A55F25C725E3851C000BC9B1 /* Info.plist */,
			);
			path = flixster;
			sourceTree = "<group>";
		};
		A55F25CF25E3851C000BC9B1 /* flixsterTests */ = {
			isa = PBXGroup;
			children = (
				A55F25D025E3851C000BC9B1 /* flixsterTests.swift */,
				A55F25D225E3851C000BC9B1 /* Info.plist */,
			);
			path = flixsterTests;
			sourceTree = "<group>";
		};
		A55F25DA25E3851C000BC9B1 /* flixsterUITests */ = {
			isa = PBXGroup;
			children = (
				A55F25DB25E3851C000BC9B1 /* flixsterUITests.swift */,
				A55F25DD25E3851C000BC9B1 /* Info.plist */,
			);
			path = flixsterUITests;
			sourceTree = "<group>";
		};
/* End PBXGroup section */

/* Begin PBXNativeTarget section */
		A55F25B525E3851B000BC9B1 /* flixster */ = {
			isa = PBXNativeTarget;
			buildConfigurationList = A55F25E025E3851C000BC9B1 /* Build configuration list for PBXNativeTarget "flixster" */;
			buildPhases = (
				4010E7AE4DC933978A4117CB /* [CP] Check Pods Manifest.lock */,
				A55F25B225E3851B000BC9B1 /* Sources */,
				A55F25B325E3851B000BC9B1 /* Frameworks */,
				A55F25B425E3851B000BC9B1 /* Resources */,
				D823C46F3083E23E2983F4FA /* [CP] Embed Pods Frameworks */,
			);
			buildRules = (
			);
			dependencies = (
			);
			name = flixster;
			productName = flixster;
			productReference = A55F25B625E3851B000BC9B1 /* flixster.app */;
			productType = "com.apple.product-type.application";
		};
		A55F25CB25E3851C000BC9B1 /* flixsterTests */ = {
			isa = PBXNativeTarget;
			buildConfigurationList = A55F25E325E3851C000BC9B1 /* Build configuration list for PBXNativeTarget "flixsterTests" */;
			buildPhases = (
				97168E8DA87BF327E0E89478 /* [CP] Check Pods Manifest.lock */,
				A55F25C825E3851C000BC9B1 /* Sources */,
				A55F25C925E3851C000BC9B1 /* Frameworks */,
				A55F25CA25E3851C000BC9B1 /* Resources */,
			);
			buildRules = (
			);
			dependencies = (
				A55F25CE25E3851C000BC9B1 /* PBXTargetDependency */,
			);
			name = flixsterTests;
			productName = flixsterTests;
			productReference = A55F25CC25E3851C000BC9B1 /* flixsterTests.xctest */;
			productType = "com.apple.product-type.bundle.unit-test";
		};
		A55F25D625E3851C000BC9B1 /* flixsterUITests */ = {
			isa = PBXNativeTarget;
			buildConfigurationList = A55F25E625E3851C000BC9B1 /* Build configuration list for PBXNativeTarget "flixsterUITests" */;
			buildPhases = (
				936D8C8BA963D5FA611C1548 /* [CP] Check Pods Manifest.lock */,
				A55F25D325E3851C000BC9B1 /* Sources */,
				A55F25D425E3851C000BC9B1 /* Frameworks */,
				A55F25D525E3851C000BC9B1 /* Resources */,
				D0DB753838C4F93305B2D3A4 /* [CP] Embed Pods Frameworks */,
			);
			buildRules = (
			);
			dependencies = (
				A55F25D925E3851C000BC9B1 /* PBXTargetDependency */,
			);
			name = flixsterUITests;
			productName = flixsterUITests;
			productReference = A55F25D725E3851C000BC9B1 /* flixsterUITests.xctest */;
			productType = "com.apple.product-type.bundle.ui-testing";
		};
/* End PBXNativeTarget section */

/* Begin PBXProject section */
		A55F25AE25E3851B000BC9B1 /* Project object */ = {
			isa = PBXProject;
			attributes = {
				LastSwiftUpdateCheck = 1240;
				LastUpgradeCheck = 1240;
				TargetAttributes = {
					A55F25B525E3851B000BC9B1 = {
						CreatedOnToolsVersion = 12.4;
					};
					A55F25CB25E3851C000BC9B1 = {
						CreatedOnToolsVersion = 12.4;
						TestTargetID = A55F25B525E3851B000BC9B1;
					};
					A55F25D625E3851C000BC9B1 = {
						CreatedOnToolsVersion = 12.4;
						TestTargetID = A55F25B525E3851B000BC9B1;
					};
				};
			};
			buildConfigurationList = A55F25B125E3851B000BC9B1 /* Build configuration list for PBXProject "flixster" */;
			compatibilityVersion = "Xcode 9.3";
			developmentRegion = en;
			hasScannedForEncodings = 0;
			knownRegions = (
				en,
				Base,
			);
			mainGroup = A55F25AD25E3851B000BC9B1;
			productRefGroup = A55F25B725E3851B000BC9B1 /* Products */;
			projectDirPath = "";
			projectRoot = "";
			targets = (
				A55F25B525E3851B000BC9B1 /* flixster */,
				A55F25CB25E3851C000BC9B1 /* flixsterTests */,
				A55F25D625E3851C000BC9B1 /* flixsterUITests */,
			);
		};
/* End PBXProject section */

/* Begin PBXResourcesBuildPhase section */
		A55F25B425E3851B000BC9B1 /* Resources */ = {
			isa = PBXResourcesBuildPhase;
			buildActionMask = 2147483647;
			files = (
				A55F25C625E3851C000BC9B1 /* LaunchScreen.storyboard in Resources */,
				A55F25C325E3851C000BC9B1 /* Assets.xcassets in Resources */,
				A55F25C125E3851B000BC9B1 /* Main.storyboard in Resources */,
			);
			runOnlyForDeploymentPostprocessing = 0;
		};
		A55F25CA25E3851C000BC9B1 /* Resources */ = {
			isa = PBXResourcesBuildPhase;
			buildActionMask = 2147483647;
			files = (
			);
			runOnlyForDeploymentPostprocessing = 0;
		};
		A55F25D525E3851C000BC9B1 /* Resources */ = {
			isa = PBXResourcesBuildPhase;
			buildActionMask = 2147483647;
			files = (
			);
			runOnlyForDeploymentPostprocessing = 0;
		};
/* End PBXResourcesBuildPhase section */

/* Begin PBXShellScriptBuildPhase section */
		4010E7AE4DC933978A4117CB /* [CP] Check Pods Manifest.lock */ = {
			isa = PBXShellScriptBuildPhase;
			buildActionMask = 2147483647;
			files = (
			);
			inputFileListPaths = (
			);
			inputPaths = (
				"${PODS_PODFILE_DIR_PATH}/Podfile.lock",
				"${PODS_ROOT}/Manifest.lock",
			);
			name = "[CP] Check Pods Manifest.lock";
			outputFileListPaths = (
			);
			outputPaths = (
				"$(DERIVED_FILE_DIR)/Pods-flixster-checkManifestLockResult.txt",
			);
			runOnlyForDeploymentPostprocessing = 0;
			shellPath = /bin/sh;
			shellScript = "diff \"${PODS_PODFILE_DIR_PATH}/Podfile.lock\" \"${PODS_ROOT}/Manifest.lock\" > /dev/null\nif [ $? != 0 ] ; then\n    # print error to STDERR\n    echo \"error: The sandbox is not in sync with the Podfile.lock. Run 'pod install' or update your CocoaPods installation.\" >&2\n    exit 1\nfi\n# This output is used by Xcode 'outputs' to avoid re-running this script phase.\necho \"SUCCESS\" > \"${SCRIPT_OUTPUT_FILE_0}\"\n";
			showEnvVarsInLog = 0;
		};
		936D8C8BA963D5FA611C1548 /* [CP] Check Pods Manifest.lock */ = {
			isa = PBXShellScriptBuildPhase;
			buildActionMask = 2147483647;
			files = (
			);
			inputFileListPaths = (
			);
			inputPaths = (
				"${PODS_PODFILE_DIR_PATH}/Podfile.lock",
				"${PODS_ROOT}/Manifest.lock",
			);
			name = "[CP] Check Pods Manifest.lock";
			outputFileListPaths = (
			);
			outputPaths = (
				"$(DERIVED_FILE_DIR)/Pods-flixster-flixsterUITests-checkManifestLockResult.txt",
			);
			runOnlyForDeploymentPostprocessing = 0;
			shellPath = /bin/sh;
			shellScript = "diff \"${PODS_PODFILE_DIR_PATH}/Podfile.lock\" \"${PODS_ROOT}/Manifest.lock\" > /dev/null\nif [ $? != 0 ] ; then\n    # print error to STDERR\n    echo \"error: The sandbox is not in sync with the Podfile.lock. Run 'pod install' or update your CocoaPods installation.\" >&2\n    exit 1\nfi\n# This output is used by Xcode 'outputs' to avoid re-running this script phase.\necho \"SUCCESS\" > \"${SCRIPT_OUTPUT_FILE_0}\"\n";
			showEnvVarsInLog = 0;
		};
		97168E8DA87BF327E0E89478 /* [CP] Check Pods Manifest.lock */ = {
			isa = PBXShellScriptBuildPhase;
			buildActionMask = 2147483647;
			files = (
			);
			inputFileListPaths = (
			);
			inputPaths = (
				"${PODS_PODFILE_DIR_PATH}/Podfile.lock",
				"${PODS_ROOT}/Manifest.lock",
			);
			name = "[CP] Check Pods Manifest.lock";
			outputFileListPaths = (
			);
			outputPaths = (
				"$(DERIVED_FILE_DIR)/Pods-flixsterTests-checkManifestLockResult.txt",
			);
			runOnlyForDeploymentPostprocessing = 0;
			shellPath = /bin/sh;
			shellScript = "diff \"${PODS_PODFILE_DIR_PATH}/Podfile.lock\" \"${PODS_ROOT}/Manifest.lock\" > /dev/null\nif [ $? != 0 ] ; then\n    # print error to STDERR\n    echo \"error: The sandbox is not in sync with the Podfile.lock. Run 'pod install' or update your CocoaPods installation.\" >&2\n    exit 1\nfi\n# This output is used by Xcode 'outputs' to avoid re-running this script phase.\necho \"SUCCESS\" > \"${SCRIPT_OUTPUT_FILE_0}\"\n";
			showEnvVarsInLog = 0;
		};
		D0DB753838C4F93305B2D3A4 /* [CP] Embed Pods Frameworks */ = {
			isa = PBXShellScriptBuildPhase;
			buildActionMask = 2147483647;
			files = (
			);
			inputFileListPaths = (
				"${PODS_ROOT}/Target Support Files/Pods-flixster-flixsterUITests/Pods-flixster-flixsterUITests-frameworks-${CONFIGURATION}-input-files.xcfilelist",
			);
			name = "[CP] Embed Pods Frameworks";
			outputFileListPaths = (
				"${PODS_ROOT}/Target Support Files/Pods-flixster-flixsterUITests/Pods-flixster-flixsterUITests-frameworks-${CONFIGURATION}-output-files.xcfilelist",
			);
			runOnlyForDeploymentPostprocessing = 0;
			shellPath = /bin/sh;
			shellScript = "\"${PODS_ROOT}/Target Support Files/Pods-flixster-flixsterUITests/Pods-flixster-flixsterUITests-frameworks.sh\"\n";
			showEnvVarsInLog = 0;
		};
		D823C46F3083E23E2983F4FA /* [CP] Embed Pods Frameworks */ = {
			isa = PBXShellScriptBuildPhase;
			buildActionMask = 2147483647;
			files = (
			);
			inputFileListPaths = (
				"${PODS_ROOT}/Target Support Files/Pods-flixster/Pods-flixster-frameworks-${CONFIGURATION}-input-files.xcfilelist",
			);
			name = "[CP] Embed Pods Frameworks";
			outputFileListPaths = (
				"${PODS_ROOT}/Target Support Files/Pods-flixster/Pods-flixster-frameworks-${CONFIGURATION}-output-files.xcfilelist",
			);
			runOnlyForDeploymentPostprocessing = 0;
			shellPath = /bin/sh;
			shellScript = "\"${PODS_ROOT}/Target Support Files/Pods-flixster/Pods-flixster-frameworks.sh\"\n";
			showEnvVarsInLog = 0;
		};
/* End PBXShellScriptBuildPhase section */

/* Begin PBXSourcesBuildPhase section */
		A55F25B225E3851B000BC9B1 /* Sources */ = {
			isa = PBXSourcesBuildPhase;
			buildActionMask = 2147483647;
			files = (
				A55F25BE25E3851B000BC9B1 /* MoviesViewController.swift in Sources */,
				A55F25BA25E3851B000BC9B1 /* AppDelegate.swift in Sources */,
				A55B185025E9FC7000C3E08F /* MovieCell.swift in Sources */,
				A55F25BC25E3851B000BC9B1 /* SceneDelegate.swift in Sources */,
			);
			runOnlyForDeploymentPostprocessing = 0;
		};
		A55F25C825E3851C000BC9B1 /* Sources */ = {
			isa = PBXSourcesBuildPhase;
			buildActionMask = 2147483647;
			files = (
				A55F25D125E3851C000BC9B1 /* flixsterTests.swift in Sources */,
			);
			runOnlyForDeploymentPostprocessing = 0;
		};
		A55F25D325E3851C000BC9B1 /* Sources */ = {
			isa = PBXSourcesBuildPhase;
			buildActionMask = 2147483647;
			files = (
				A55F25DC25E3851C000BC9B1 /* flixsterUITests.swift in Sources */,
			);
			runOnlyForDeploymentPostprocessing = 0;
		};
/* End PBXSourcesBuildPhase section */

/* Begin PBXTargetDependency section */
		A55F25CE25E3851C000BC9B1 /* PBXTargetDependency */ = {
			isa = PBXTargetDependency;
			target = A55F25B525E3851B000BC9B1 /* flixster */;
			targetProxy = A55F25CD25E3851C000BC9B1 /* PBXContainerItemProxy */;
		};
		A55F25D925E3851C000BC9B1 /* PBXTargetDependency */ = {
			isa = PBXTargetDependency;
			target = A55F25B525E3851B000BC9B1 /* flixster */;
			targetProxy = A55F25D825E3851C000BC9B1 /* PBXContainerItemProxy */;
		};
/* End PBXTargetDependency section */

/* Begin PBXVariantGroup section */
		A55F25BF25E3851B000BC9B1 /* Main.storyboard */ = {
			isa = PBXVariantGroup;
			children = (
				A55F25C025E3851B000BC9B1 /* Base */,
			);
			name = Main.storyboard;
			sourceTree = "<group>";
		};
		A55F25C425E3851C000BC9B1 /* LaunchScreen.storyboard */ = {
			isa = PBXVariantGroup;
			children = (
				A55F25C525E3851C000BC9B1 /* Base */,
			);
			name = LaunchScreen.storyboard;
			sourceTree = "<group>";
		};
/* End PBXVariantGroup section */

/* Begin XCBuildConfiguration section */
		A55F25DE25E3851C000BC9B1 /* Debug */ = {
			isa = XCBuildConfiguration;
			buildSettings = {
				ALWAYS_SEARCH_USER_PATHS = NO;
				CLANG_ANALYZER_NONNULL = YES;
				CLANG_ANALYZER_NUMBER_OBJECT_CONVERSION = YES_AGGRESSIVE;
				CLANG_CXX_LANGUAGE_STANDARD = "gnu++14";
				CLANG_CXX_LIBRARY = "libc++";
				CLANG_ENABLE_MODULES = YES;
				CLANG_ENABLE_OBJC_ARC = YES;
				CLANG_ENABLE_OBJC_WEAK = YES;
				CLANG_WARN_BLOCK_CAPTURE_AUTORELEASING = YES;
				CLANG_WARN_BOOL_CONVERSION = YES;
				CLANG_WARN_COMMA = YES;
				CLANG_WARN_CONSTANT_CONVERSION = YES;
				CLANG_WARN_DEPRECATED_OBJC_IMPLEMENTATIONS = YES;
				CLANG_WARN_DIRECT_OBJC_ISA_USAGE = YES_ERROR;
				CLANG_WARN_DOCUMENTATION_COMMENTS = YES;
				CLANG_WARN_EMPTY_BODY = YES;
				CLANG_WARN_ENUM_CONVERSION = YES;
				CLANG_WARN_INFINITE_RECURSION = YES;
				CLANG_WARN_INT_CONVERSION = YES;
				CLANG_WARN_NON_LITERAL_NULL_CONVERSION = YES;
				CLANG_WARN_OBJC_IMPLICIT_RETAIN_SELF = YES;
				CLANG_WARN_OBJC_LITERAL_CONVERSION = YES;
				CLANG_WARN_OBJC_ROOT_CLASS = YES_ERROR;
				CLANG_WARN_QUOTED_INCLUDE_IN_FRAMEWORK_HEADER = YES;
				CLANG_WARN_RANGE_LOOP_ANALYSIS = YES;
				CLANG_WARN_STRICT_PROTOTYPES = YES;
				CLANG_WARN_SUSPICIOUS_MOVE = YES;
				CLANG_WARN_UNGUARDED_AVAILABILITY = YES_AGGRESSIVE;
				CLANG_WARN_UNREACHABLE_CODE = YES;
				CLANG_WARN__DUPLICATE_METHOD_MATCH = YES;
				COPY_PHASE_STRIP = NO;
				DEBUG_INFORMATION_FORMAT = dwarf;
				ENABLE_STRICT_OBJC_MSGSEND = YES;
				ENABLE_TESTABILITY = YES;
				GCC_C_LANGUAGE_STANDARD = gnu11;
				GCC_DYNAMIC_NO_PIC = NO;
				GCC_NO_COMMON_BLOCKS = YES;
				GCC_OPTIMIZATION_LEVEL = 0;
				GCC_PREPROCESSOR_DEFINITIONS = (
					"DEBUG=1",
					"$(inherited)",
				);
				GCC_WARN_64_TO_32_BIT_CONVERSION = YES;
				GCC_WARN_ABOUT_RETURN_TYPE = YES_ERROR;
				GCC_WARN_UNDECLARED_SELECTOR = YES;
				GCC_WARN_UNINITIALIZED_AUTOS = YES_AGGRESSIVE;
				GCC_WARN_UNUSED_FUNCTION = YES;
				GCC_WARN_UNUSED_VARIABLE = YES;
				IPHONEOS_DEPLOYMENT_TARGET = 14.4;
				MTL_ENABLE_DEBUG_INFO = INCLUDE_SOURCE;
				MTL_FAST_MATH = YES;
				ONLY_ACTIVE_ARCH = YES;
				SDKROOT = iphoneos;
				SWIFT_ACTIVE_COMPILATION_CONDITIONS = DEBUG;
				SWIFT_OPTIMIZATION_LEVEL = "-Onone";
			};
			name = Debug;
		};
		A55F25DF25E3851C000BC9B1 /* Release */ = {
			isa = XCBuildConfiguration;
			buildSettings = {
				ALWAYS_SEARCH_USER_PATHS = NO;
				CLANG_ANALYZER_NONNULL = YES;
				CLANG_ANALYZER_NUMBER_OBJECT_CONVERSION = YES_AGGRESSIVE;
				CLANG_CXX_LANGUAGE_STANDARD = "gnu++14";
				CLANG_CXX_LIBRARY = "libc++";
				CLANG_ENABLE_MODULES = YES;
				CLANG_ENABLE_OBJC_ARC = YES;
				CLANG_ENABLE_OBJC_WEAK = YES;
				CLANG_WARN_BLOCK_CAPTURE_AUTORELEASING = YES;
				CLANG_WARN_BOOL_CONVERSION = YES;
				CLANG_WARN_COMMA = YES;
				CLANG_WARN_CONSTANT_CONVERSION = YES;
				CLANG_WARN_DEPRECATED_OBJC_IMPLEMENTATIONS = YES;
				CLANG_WARN_DIRECT_OBJC_ISA_USAGE = YES_ERROR;
				CLANG_WARN_DOCUMENTATION_COMMENTS = YES;
				CLANG_WARN_EMPTY_BODY = YES;
				CLANG_WARN_ENUM_CONVERSION = YES;
				CLANG_WARN_INFINITE_RECURSION = YES;
				CLANG_WARN_INT_CONVERSION = YES;
				CLANG_WARN_NON_LITERAL_NULL_CONVERSION = YES;
				CLANG_WARN_OBJC_IMPLICIT_RETAIN_SELF = YES;
				CLANG_WARN_OBJC_LITERAL_CONVERSION = YES;
				CLANG_WARN_OBJC_ROOT_CLASS = YES_ERROR;
				CLANG_WARN_QUOTED_INCLUDE_IN_FRAMEWORK_HEADER = YES;
				CLANG_WARN_RANGE_LOOP_ANALYSIS = YES;
				CLANG_WARN_STRICT_PROTOTYPES = YES;
				CLANG_WARN_SUSPICIOUS_MOVE = YES;
				CLANG_WARN_UNGUARDED_AVAILABILITY = YES_AGGRESSIVE;
				CLANG_WARN_UNREACHABLE_CODE = YES;
				CLANG_WARN__DUPLICATE_METHOD_MATCH = YES;
				COPY_PHASE_STRIP = NO;
				DEBUG_INFORMATION_FORMAT = "dwarf-with-dsym";
				ENABLE_NS_ASSERTIONS = NO;
				ENABLE_STRICT_OBJC_MSGSEND = YES;
				GCC_C_LANGUAGE_STANDARD = gnu11;
				GCC_NO_COMMON_BLOCKS = YES;
				GCC_WARN_64_TO_32_BIT_CONVERSION = YES;
				GCC_WARN_ABOUT_RETURN_TYPE = YES_ERROR;
				GCC_WARN_UNDECLARED_SELECTOR = YES;
				GCC_WARN_UNINITIALIZED_AUTOS = YES_AGGRESSIVE;
				GCC_WARN_UNUSED_FUNCTION = YES;
				GCC_WARN_UNUSED_VARIABLE = YES;
				IPHONEOS_DEPLOYMENT_TARGET = 14.4;
				MTL_ENABLE_DEBUG_INFO = NO;
				MTL_FAST_MATH = YES;
				SDKROOT = iphoneos;
				SWIFT_COMPILATION_MODE = wholemodule;
				SWIFT_OPTIMIZATION_LEVEL = "-O";
				VALIDATE_PRODUCT = YES;
			};
			name = Release;
		};
		A55F25E125E3851C000BC9B1 /* Debug */ = {
			isa = XCBuildConfiguration;
			baseConfigurationReference = 7AA1A5DC8F66A4DD1DAD1A66 /* Pods-flixster.debug.xcconfig */;
			buildSettings = {
				ASSETCATALOG_COMPILER_APPICON_NAME = AppIcon;
				ASSETCATALOG_COMPILER_GLOBAL_ACCENT_COLOR_NAME = AccentColor;
				CODE_SIGN_STYLE = Automatic;
				INFOPLIST_FILE = flixster/Info.plist;
				LD_RUNPATH_SEARCH_PATHS = (
					"$(inherited)",
					"@executable_path/Frameworks",
				);
				PRODUCT_BUNDLE_IDENTIFIER = ajazks18.flixster;
				PRODUCT_NAME = "$(TARGET_NAME)";
				SWIFT_VERSION = 5.0;
				TARGETED_DEVICE_FAMILY = "1,2";
			};
			name = Debug;
		};
		A55F25E225E3851C000BC9B1 /* Release */ = {
			isa = XCBuildConfiguration;
			baseConfigurationReference = D6C84A9C33EF51DD5E5A3FD5 /* Pods-flixster.release.xcconfig */;
			buildSettings = {
				ASSETCATALOG_COMPILER_APPICON_NAME = AppIcon;
				ASSETCATALOG_COMPILER_GLOBAL_ACCENT_COLOR_NAME = AccentColor;
				CODE_SIGN_STYLE = Automatic;
				INFOPLIST_FILE = flixster/Info.plist;
				LD_RUNPATH_SEARCH_PATHS = (
					"$(inherited)",
					"@executable_path/Frameworks",
				);
				PRODUCT_BUNDLE_IDENTIFIER = ajazks18.flixster;
				PRODUCT_NAME = "$(TARGET_NAME)";
				SWIFT_VERSION = 5.0;
				TARGETED_DEVICE_FAMILY = "1,2";
			};
			name = Release;
		};
		A55F25E425E3851C000BC9B1 /* Debug */ = {
			isa = XCBuildConfiguration;
			baseConfigurationReference = CFFC63397612E6969B7875E0 /* Pods-flixsterTests.debug.xcconfig */;
			buildSettings = {
				ALWAYS_EMBED_SWIFT_STANDARD_LIBRARIES = YES;
				BUNDLE_LOADER = "$(TEST_HOST)";
				CODE_SIGN_STYLE = Automatic;
				INFOPLIST_FILE = flixsterTests/Info.plist;
				IPHONEOS_DEPLOYMENT_TARGET = 14.4;
				LD_RUNPATH_SEARCH_PATHS = (
					"$(inherited)",
					"@executable_path/Frameworks",
					"@loader_path/Frameworks",
				);
				PRODUCT_BUNDLE_IDENTIFIER = ajazks18.flixsterTests;
				PRODUCT_NAME = "$(TARGET_NAME)";
				SWIFT_VERSION = 5.0;
				TARGETED_DEVICE_FAMILY = "1,2";
				TEST_HOST = "$(BUILT_PRODUCTS_DIR)/flixster.app/flixster";
			};
			name = Debug;
		};
		A55F25E525E3851C000BC9B1 /* Release */ = {
			isa = XCBuildConfiguration;
			baseConfigurationReference = ECF297A43C64BBAF62647148 /* Pods-flixsterTests.release.xcconfig */;
			buildSettings = {
				ALWAYS_EMBED_SWIFT_STANDARD_LIBRARIES = YES;
				BUNDLE_LOADER = "$(TEST_HOST)";
				CODE_SIGN_STYLE = Automatic;
				INFOPLIST_FILE = flixsterTests/Info.plist;
				IPHONEOS_DEPLOYMENT_TARGET = 14.4;
				LD_RUNPATH_SEARCH_PATHS = (
					"$(inherited)",
					"@executable_path/Frameworks",
					"@loader_path/Frameworks",
				);
				PRODUCT_BUNDLE_IDENTIFIER = ajazks18.flixsterTests;
				PRODUCT_NAME = "$(TARGET_NAME)";
				SWIFT_VERSION = 5.0;
				TARGETED_DEVICE_FAMILY = "1,2";
				TEST_HOST = "$(BUILT_PRODUCTS_DIR)/flixster.app/flixster";
			};
			name = Release;
		};
		A55F25E725E3851C000BC9B1 /* Debug */ = {
			isa = XCBuildConfiguration;
			baseConfigurationReference = 07606F0B4E1A5EFEAA6F987A /* Pods-flixster-flixsterUITests.debug.xcconfig */;
			buildSettings = {
				ALWAYS_EMBED_SWIFT_STANDARD_LIBRARIES = YES;
				CODE_SIGN_STYLE = Automatic;
				INFOPLIST_FILE = flixsterUITests/Info.plist;
				LD_RUNPATH_SEARCH_PATHS = (
					"$(inherited)",
					"@executable_path/Frameworks",
					"@loader_path/Frameworks",
				);
				PRODUCT_BUNDLE_IDENTIFIER = ajazks18.flixsterUITests;
				PRODUCT_NAME = "$(TARGET_NAME)";
				SWIFT_VERSION = 5.0;
				TARGETED_DEVICE_FAMILY = "1,2";
				TEST_TARGET_NAME = flixster;
			};
			name = Debug;
		};
		A55F25E825E3851C000BC9B1 /* Release */ = {
			isa = XCBuildConfiguration;
			baseConfigurationReference = 81448357EDDE950D000BFF57 /* Pods-flixster-flixsterUITests.release.xcconfig */;
			buildSettings = {
				ALWAYS_EMBED_SWIFT_STANDARD_LIBRARIES = YES;
				CODE_SIGN_STYLE = Automatic;
				INFOPLIST_FILE = flixsterUITests/Info.plist;
				LD_RUNPATH_SEARCH_PATHS = (
					"$(inherited)",
					"@executable_path/Frameworks",
					"@loader_path/Frameworks",
				);
				PRODUCT_BUNDLE_IDENTIFIER = ajazks18.flixsterUITests;
				PRODUCT_NAME = "$(TARGET_NAME)";
				SWIFT_VERSION = 5.0;
				TARGETED_DEVICE_FAMILY = "1,2";
				TEST_TARGET_NAME = flixster;
			};
			name = Release;
		};
/* End XCBuildConfiguration section */

/* Begin XCConfigurationList section */
		A55F25B125E3851B000BC9B1 /* Build configuration list for PBXProject "flixster" */ = {
			isa = XCConfigurationList;
			buildConfigurations = (
				A55F25DE25E3851C000BC9B1 /* Debug */,
				A55F25DF25E3851C000BC9B1 /* Release */,
			);
			defaultConfigurationIsVisible = 0;
			defaultConfigurationName = Release;
		};
		A55F25E025E3851C000BC9B1 /* Build configuration list for PBXNativeTarget "flixster" */ = {
			isa = XCConfigurationList;
			buildConfigurations = (
				A55F25E125E3851C000BC9B1 /* Debug */,
				A55F25E225E3851C000BC9B1 /* Release */,
			);
			defaultConfigurationIsVisible = 0;
			defaultConfigurationName = Release;
		};
		A55F25E325E3851C000BC9B1 /* Build configuration list for PBXNativeTarget "flixsterTests" */ = {
			isa = XCConfigurationList;
			buildConfigurations = (
				A55F25E425E3851C000BC9B1 /* Debug */,
				A55F25E525E3851C000BC9B1 /* Release */,
			);
			defaultConfigurationIsVisible = 0;
			defaultConfigurationName = Release;
		};
		A55F25E625E3851C000BC9B1 /* Build configuration list for PBXNativeTarget "flixsterUITests" */ = {
			isa = XCConfigurationList;
			buildConfigurations = (
				A55F25E725E3851C000BC9B1 /* Debug */,
				A55F25E825E3851C000BC9B1 /* Release */,
			);
			defaultConfigurationIsVisible = 0;
			defaultConfigurationName = Release;
		};
/* End XCConfigurationList section */
	};
	rootObject = A55F25AE25E3851B000BC9B1 /* Project object */;
}
